// !$*UTF8*$!
{
	archiveVersion = 1;
	classes = {
	};
	objectVersion = 56;
	objects = {

/* Begin PBXBuildFile section */
		A099DF282A379E8600274D99 /* AkakceAppApp.swift in Sources */ = {isa = PBXBuildFile; fileRef = A099DF272A379E8600274D99 /* AkakceAppApp.swift */; };
		A099DF2A2A379E8600274D99 /* ContentView.swift in Sources */ = {isa = PBXBuildFile; fileRef = A099DF292A379E8600274D99 /* ContentView.swift */; };
		A099DF2C2A379E8700274D99 /* Assets.xcassets in Resources */ = {isa = PBXBuildFile; fileRef = A099DF2B2A379E8700274D99 /* Assets.xcassets */; };
		A099DF2F2A379E8700274D99 /* Preview Assets.xcassets in Resources */ = {isa = PBXBuildFile; fileRef = A099DF2E2A379E8700274D99 /* Preview Assets.xcassets */; };
		A099DF3A2A379F9F00274D99 /* Item.swift in Sources */ = {isa = PBXBuildFile; fileRef = A099DF392A379F9F00274D99 /* Item.swift */; };
		A099DF3C2A37A00900274D99 /* AkakceService.swift in Sources */ = {isa = PBXBuildFile; fileRef = A099DF3B2A37A00900274D99 /* AkakceService.swift */; };
		A099DF402A37A12900274D99 /* Config.swift in Sources */ = {isa = PBXBuildFile; fileRef = A099DF3F2A37A12900274D99 /* Config.swift */; };
		A099DF4A2A37A18600274D99 /* DetailView.swift in Sources */ = {isa = PBXBuildFile; fileRef = A099DF492A37A18600274D99 /* DetailView.swift */; };
		A099DF4D2A37A1A200274D99 /* MenuView.swift in Sources */ = {isa = PBXBuildFile; fileRef = A099DF4C2A37A1A200274D99 /* MenuView.swift */; };
		A099DF4F2A37A1BA00274D99 /* MenuViewModel.swift in Sources */ = {isa = PBXBuildFile; fileRef = A099DF4E2A37A1BA00274D99 /* MenuViewModel.swift */; };
		A099DF522A37A5E700274D99 /* Kingfisher in Frameworks */ = {isa = PBXBuildFile; productRef = A099DF512A37A5E700274D99 /* Kingfisher */; };
		A099DF582A37A82900274D99 /* MenuVerticalItemView.swift in Sources */ = {isa = PBXBuildFile; fileRef = A099DF572A37A82900274D99 /* MenuVerticalItemView.swift */; };
		A099DF5A2A37B7EF00274D99 /* Extensions.swift in Sources */ = {isa = PBXBuildFile; fileRef = A099DF592A37B7EF00274D99 /* Extensions.swift */; };
		A099DF5C2A38B72F00274D99 /* DetailViewModel.swift in Sources */ = {isa = PBXBuildFile; fileRef = A099DF5B2A38B72F00274D99 /* DetailViewModel.swift */; };
		A099DF5E2A38B7C700274D99 /* ItemDetail.swift in Sources */ = {isa = PBXBuildFile; fileRef = A099DF5D2A38B7C700274D99 /* ItemDetail.swift */; };
		A099DF612A38C10600274D99 /* StorageButtonView.swift in Sources */ = {isa = PBXBuildFile; fileRef = A099DF602A38C10600274D99 /* StorageButtonView.swift */; };
		A099DF632A38C20800274D99 /* PriceView.swift in Sources */ = {isa = PBXBuildFile; fileRef = A099DF622A38C20800274D99 /* PriceView.swift */; };
		A099DF672A38CBEE00274D99 /* MenuHorizontalItemView.swift in Sources */ = {isa = PBXBuildFile; fileRef = A099DF662A38CBEE00274D99 /* MenuHorizontalItemView.swift */; };
		A099DF692A391CA300274D99 /* CustomLoadingView.swift in Sources */ = {isa = PBXBuildFile; fileRef = A099DF682A391CA300274D99 /* CustomLoadingView.swift */; };
		A099DF6D2A3A3C5300274D99 /* MainTabView.swift in Sources */ = {isa = PBXBuildFile; fileRef = A099DF6C2A3A3C5300274D99 /* MainTabView.swift */; };
/* End PBXBuildFile section */

/* Begin PBXFileReference section */
		A099DF242A379E8600274D99 /* AkakceApp.app */ = {isa = PBXFileReference; explicitFileType = wrapper.application; includeInIndex = 0; path = AkakceApp.app; sourceTree = BUILT_PRODUCTS_DIR; };
		A099DF272A379E8600274D99 /* AkakceAppApp.swift */ = {isa = PBXFileReference; lastKnownFileType = sourcecode.swift; path = AkakceAppApp.swift; sourceTree = "<group>"; };
		A099DF292A379E8600274D99 /* ContentView.swift */ = {isa = PBXFileReference; lastKnownFileType = sourcecode.swift; path = ContentView.swift; sourceTree = "<group>"; };
		A099DF2B2A379E8700274D99 /* Assets.xcassets */ = {isa = PBXFileReference; lastKnownFileType = folder.assetcatalog; path = Assets.xcassets; sourceTree = "<group>"; };
		A099DF2E2A379E8700274D99 /* Preview Assets.xcassets */ = {isa = PBXFileReference; lastKnownFileType = folder.assetcatalog; path = "Preview Assets.xcassets"; sourceTree = "<group>"; };
		A099DF392A379F9F00274D99 /* Item.swift */ = {isa = PBXFileReference; lastKnownFileType = sourcecode.swift; path = Item.swift; sourceTree = "<group>"; };
		A099DF3B2A37A00900274D99 /* AkakceService.swift */ = {isa = PBXFileReference; lastKnownFileType = sourcecode.swift; path = AkakceService.swift; sourceTree = "<group>"; };
		A099DF3F2A37A12900274D99 /* Config.swift */ = {isa = PBXFileReference; lastKnownFileType = sourcecode.swift; path = Config.swift; sourceTree = "<group>"; };
		A099DF492A37A18600274D99 /* DetailView.swift */ = {isa = PBXFileReference; lastKnownFileType = sourcecode.swift; path = DetailView.swift; sourceTree = "<group>"; };
		A099DF4C2A37A1A200274D99 /* MenuView.swift */ = {isa = PBXFileReference; lastKnownFileType = sourcecode.swift; path = MenuView.swift; sourceTree = "<group>"; };
		A099DF4E2A37A1BA00274D99 /* MenuViewModel.swift */ = {isa = PBXFileReference; lastKnownFileType = sourcecode.swift; path = MenuViewModel.swift; sourceTree = "<group>"; };
		A099DF572A37A82900274D99 /* MenuVerticalItemView.swift */ = {isa = PBXFileReference; lastKnownFileType = sourcecode.swift; path = MenuVerticalItemView.swift; sourceTree = "<group>"; };
		A099DF592A37B7EF00274D99 /* Extensions.swift */ = {isa = PBXFileReference; lastKnownFileType = sourcecode.swift; path = Extensions.swift; sourceTree = "<group>"; };
		A099DF5B2A38B72F00274D99 /* DetailViewModel.swift */ = {isa = PBXFileReference; lastKnownFileType = sourcecode.swift; path = DetailViewModel.swift; sourceTree = "<group>"; };
		A099DF5D2A38B7C700274D99 /* ItemDetail.swift */ = {isa = PBXFileReference; lastKnownFileType = sourcecode.swift; path = ItemDetail.swift; sourceTree = "<group>"; };
		A099DF602A38C10600274D99 /* StorageButtonView.swift */ = {isa = PBXFileReference; lastKnownFileType = sourcecode.swift; path = StorageButtonView.swift; sourceTree = "<group>"; };
		A099DF622A38C20800274D99 /* PriceView.swift */ = {isa = PBXFileReference; lastKnownFileType = sourcecode.swift; path = PriceView.swift; sourceTree = "<group>"; };
		A099DF662A38CBEE00274D99 /* MenuHorizontalItemView.swift */ = {isa = PBXFileReference; lastKnownFileType = sourcecode.swift; path = MenuHorizontalItemView.swift; sourceTree = "<group>"; };
		A099DF682A391CA300274D99 /* CustomLoadingView.swift */ = {isa = PBXFileReference; lastKnownFileType = sourcecode.swift; path = CustomLoadingView.swift; sourceTree = "<group>"; };
		A099DF6C2A3A3C5300274D99 /* MainTabView.swift */ = {isa = PBXFileReference; lastKnownFileType = sourcecode.swift; path = MainTabView.swift; sourceTree = "<group>"; };
/* End PBXFileReference section */

/* Begin PBXFrameworksBuildPhase section */
		A099DF212A379E8600274D99 /* Frameworks */ = {
			isa = PBXFrameworksBuildPhase;
			buildActionMask = 2147483647;
			files = (
				A099DF522A37A5E700274D99 /* Kingfisher in Frameworks */,
			);
			runOnlyForDeploymentPostprocessing = 0;
		};
/* End PBXFrameworksBuildPhase section */

/* Begin PBXGroup section */
		A099DF1B2A379E8600274D99 = {
			isa = PBXGroup;
			children = (
				A099DF262A379E8600274D99 /* AkakceApp */,
				A099DF252A379E8600274D99 /* Products */,
			);
			sourceTree = "<group>";
		};
		A099DF252A379E8600274D99 /* Products */ = {
			isa = PBXGroup;
			children = (
				A099DF242A379E8600274D99 /* AkakceApp.app */,
			);
			name = Products;
			sourceTree = "<group>";
		};
		A099DF262A379E8600274D99 /* AkakceApp */ = {
			isa = PBXGroup;
			children = (
				A099DF3D2A37A11D00274D99 /* Utils */,
				A099DF382A379F3600274D99 /* Service */,
				A099DF372A379F3000274D99 /* Model */,
				A099DF362A379F2700274D99 /* Core */,
				A099DF352A379F2100274D99 /* Extensions */,
				A099DF272A379E8600274D99 /* AkakceAppApp.swift */,
				A099DF292A379E8600274D99 /* ContentView.swift */,
				A099DF2B2A379E8700274D99 /* Assets.xcassets */,
				A099DF2D2A379E8700274D99 /* Preview Content */,
			);
			path = AkakceApp;
			sourceTree = "<group>";
		};
		A099DF2D2A379E8700274D99 /* Preview Content */ = {
			isa = PBXGroup;
			children = (
				A099DF2E2A379E8700274D99 /* Preview Assets.xcassets */,
			);
			path = "Preview Content";
			sourceTree = "<group>";
		};
		A099DF352A379F2100274D99 /* Extensions */ = {
			isa = PBXGroup;
			children = (
				A099DF592A37B7EF00274D99 /* Extensions.swift */,
			);
			path = Extensions;
			sourceTree = "<group>";
		};
		A099DF362A379F2700274D99 /* Core */ = {
			isa = PBXGroup;
			children = (
				A099DF6A2A3A3C4800274D99 /* Tab */,
				A099DF642A38CBD400274D99 /* MenuHorizontalItem */,
				A099DF5F2A38C0DD00274D99 /* Components */,
				A099DF532A37A81200274D99 /* MenuVerticalItem */,
				A099DF422A37A16200274D99 /* Detail */,
				A099DF412A37A15D00274D99 /* Menu */,
			);
			path = Core;
			sourceTree = "<group>";
		};
		A099DF372A379F3000274D99 /* Model */ = {
			isa = PBXGroup;
			children = (
				A099DF392A379F9F00274D99 /* Item.swift */,
				A099DF5D2A38B7C700274D99 /* ItemDetail.swift */,
			);
			path = Model;
			sourceTree = "<group>";
		};
		A099DF382A379F3600274D99 /* Service */ = {
			isa = PBXGroup;
			children = (
				A099DF3B2A37A00900274D99 /* AkakceService.swift */,
			);
			path = Service;
			sourceTree = "<group>";
		};
		A099DF3D2A37A11D00274D99 /* Utils */ = {
			isa = PBXGroup;
			children = (
				A099DF3F2A37A12900274D99 /* Config.swift */,
			);
			path = Utils;
			sourceTree = "<group>";
		};
		A099DF412A37A15D00274D99 /* Menu */ = {
			isa = PBXGroup;
			children = (
				A099DF442A37A16D00274D99 /* ViewModel */,
				A099DF432A37A16900274D99 /* View */,
			);
			path = Menu;
			sourceTree = "<group>";
		};
		A099DF422A37A16200274D99 /* Detail */ = {
			isa = PBXGroup;
			children = (
				A099DF462A37A17600274D99 /* ViewModel */,
				A099DF452A37A17200274D99 /* View */,
			);
			path = Detail;
			sourceTree = "<group>";
		};
		A099DF432A37A16900274D99 /* View */ = {
			isa = PBXGroup;
			children = (
				A099DF4C2A37A1A200274D99 /* MenuView.swift */,
			);
			path = View;
			sourceTree = "<group>";
		};
		A099DF442A37A16D00274D99 /* ViewModel */ = {
			isa = PBXGroup;
			children = (
				A099DF4E2A37A1BA00274D99 /* MenuViewModel.swift */,
			);
			path = ViewModel;
			sourceTree = "<group>";
		};
		A099DF452A37A17200274D99 /* View */ = {
			isa = PBXGroup;
			children = (
				A099DF492A37A18600274D99 /* DetailView.swift */,
			);
			path = View;
			sourceTree = "<group>";
		};
		A099DF462A37A17600274D99 /* ViewModel */ = {
			isa = PBXGroup;
			children = (
				A099DF5B2A38B72F00274D99 /* DetailViewModel.swift */,
			);
			path = ViewModel;
			sourceTree = "<group>";
		};
		A099DF532A37A81200274D99 /* MenuVerticalItem */ = {
			isa = PBXGroup;
			children = (
				A099DF542A37A81500274D99 /* View */,
			);
			path = MenuVerticalItem;
			sourceTree = "<group>";
		};
		A099DF542A37A81500274D99 /* View */ = {
			isa = PBXGroup;
			children = (
				A099DF572A37A82900274D99 /* MenuVerticalItemView.swift */,
			);
			path = View;
			sourceTree = "<group>";
		};
		A099DF5F2A38C0DD00274D99 /* Components */ = {
			isa = PBXGroup;
			children = (
				A099DF602A38C10600274D99 /* StorageButtonView.swift */,
				A099DF622A38C20800274D99 /* PriceView.swift */,
				A099DF682A391CA300274D99 /* CustomLoadingView.swift */,
			);
			path = Components;
			sourceTree = "<group>";
		};
		A099DF642A38CBD400274D99 /* MenuHorizontalItem */ = {
			isa = PBXGroup;
			children = (
				A099DF652A38CBE000274D99 /* View */,
			);
			path = MenuHorizontalItem;
			sourceTree = "<group>";
		};
		A099DF652A38CBE000274D99 /* View */ = {
			isa = PBXGroup;
			children = (
				A099DF662A38CBEE00274D99 /* MenuHorizontalItemView.swift */,
			);
			path = View;
			sourceTree = "<group>";
		};
		A099DF6A2A3A3C4800274D99 /* Tab */ = {
			isa = PBXGroup;
			children = (
				A099DF6B2A3A3C4B00274D99 /* View */,
			);
			path = Tab;
			sourceTree = "<group>";
		};
		A099DF6B2A3A3C4B00274D99 /* View */ = {
			isa = PBXGroup;
			children = (
				A099DF6C2A3A3C5300274D99 /* MainTabView.swift */,
			);
			path = View;
			sourceTree = "<group>";
		};
/* End PBXGroup section */

/* Begin PBXNativeTarget section */
		A099DF232A379E8600274D99 /* AkakceApp */ = {
			isa = PBXNativeTarget;
			buildConfigurationList = A099DF322A379E8700274D99 /* Build configuration list for PBXNativeTarget "AkakceApp" */;
			buildPhases = (
				A099DF202A379E8600274D99 /* Sources */,
				A099DF212A379E8600274D99 /* Frameworks */,
				A099DF222A379E8600274D99 /* Resources */,
			);
			buildRules = (
			);
			dependencies = (
			);
			name = AkakceApp;
			packageProductDependencies = (
				A099DF512A37A5E700274D99 /* Kingfisher */,
			);
			productName = AkakceApp;
			productReference = A099DF242A379E8600274D99 /* AkakceApp.app */;
			productType = "com.apple.product-type.application";
		};
/* End PBXNativeTarget section */

/* Begin PBXProject section */
		A099DF1C2A379E8600274D99 /* Project object */ = {
			isa = PBXProject;
			attributes = {
				BuildIndependentTargetsInParallel = 1;
				LastSwiftUpdateCheck = 1430;
				LastUpgradeCheck = 1430;
				TargetAttributes = {
					A099DF232A379E8600274D99 = {
						CreatedOnToolsVersion = 14.3.1;
					};
				};
			};
			buildConfigurationList = A099DF1F2A379E8600274D99 /* Build configuration list for PBXProject "AkakceApp" */;
			compatibilityVersion = "Xcode 14.0";
			developmentRegion = en;
			hasScannedForEncodings = 0;
			knownRegions = (
				en,
				Base,
			);
			mainGroup = A099DF1B2A379E8600274D99;
			packageReferences = (
				A099DF502A37A5E700274D99 /* XCRemoteSwiftPackageReference "Kingfisher" */,
			);
			productRefGroup = A099DF252A379E8600274D99 /* Products */;
			projectDirPath = "";
			projectRoot = "";
			targets = (
				A099DF232A379E8600274D99 /* AkakceApp */,
			);
		};
/* End PBXProject section */

/* Begin PBXResourcesBuildPhase section */
		A099DF222A379E8600274D99 /* Resources */ = {
			isa = PBXResourcesBuildPhase;
			buildActionMask = 2147483647;
			files = (
				A099DF2F2A379E8700274D99 /* Preview Assets.xcassets in Resources */,
				A099DF2C2A379E8700274D99 /* Assets.xcassets in Resources */,
			);
			runOnlyForDeploymentPostprocessing = 0;
		};
/* End PBXResourcesBuildPhase section */

/* Begin PBXSourcesBuildPhase section */
		A099DF202A379E8600274D99 /* Sources */ = {
			isa = PBXSourcesBuildPhase;
			buildActionMask = 2147483647;
			files = (
				A099DF4D2A37A1A200274D99 /* MenuView.swift in Sources */,
				A099DF5E2A38B7C700274D99 /* ItemDetail.swift in Sources */,
				A099DF2A2A379E8600274D99 /* ContentView.swift in Sources */,
				A099DF3A2A379F9F00274D99 /* Item.swift in Sources */,
				A099DF4A2A37A18600274D99 /* DetailView.swift in Sources */,
				A099DF692A391CA300274D99 /* CustomLoadingView.swift in Sources */,
				A099DF612A38C10600274D99 /* StorageButtonView.swift in Sources */,
				A099DF402A37A12900274D99 /* Config.swift in Sources */,
				A099DF5A2A37B7EF00274D99 /* Extensions.swift in Sources */,
				A099DF632A38C20800274D99 /* PriceView.swift in Sources */,
				A099DF282A379E8600274D99 /* AkakceAppApp.swift in Sources */,
				A099DF6D2A3A3C5300274D99 /* MainTabView.swift in Sources */,
				A099DF3C2A37A00900274D99 /* AkakceService.swift in Sources */,
				A099DF582A37A82900274D99 /* MenuVerticalItemView.swift in Sources */,
				A099DF672A38CBEE00274D99 /* MenuHorizontalItemView.swift in Sources */,
				A099DF5C2A38B72F00274D99 /* DetailViewModel.swift in Sources */,
				A099DF4F2A37A1BA00274D99 /* MenuViewModel.swift in Sources */,
			);
			runOnlyForDeploymentPostprocessing = 0;
		};
/* End PBXSourcesBuildPhase section */

/* Begin XCBuildConfiguration section */
		A099DF302A379E8700274D99 /* Debug */ = {
			isa = XCBuildConfiguration;
			buildSettings = {
				ALWAYS_SEARCH_USER_PATHS = NO;
				CLANG_ANALYZER_NONNULL = YES;
				CLANG_ANALYZER_NUMBER_OBJECT_CONVERSION = YES_AGGRESSIVE;
				CLANG_CXX_LANGUAGE_STANDARD = "gnu++20";
				CLANG_ENABLE_MODULES = YES;
				CLANG_ENABLE_OBJC_ARC = YES;
				CLANG_ENABLE_OBJC_WEAK = YES;
				CLANG_WARN_BLOCK_CAPTURE_AUTORELEASING = YES;
				CLANG_WARN_BOOL_CONVERSION = YES;
				CLANG_WARN_COMMA = YES;
				CLANG_WARN_CONSTANT_CONVERSION = YES;
				CLANG_WARN_DEPRECATED_OBJC_IMPLEMENTATIONS = YES;
				CLANG_WARN_DIRECT_OBJC_ISA_USAGE = YES_ERROR;
				CLANG_WARN_DOCUMENTATION_COMMENTS = YES;
				CLANG_WARN_EMPTY_BODY = YES;
				CLANG_WARN_ENUM_CONVERSION = YES;
				CLANG_WARN_INFINITE_RECURSION = YES;
				CLANG_WARN_INT_CONVERSION = YES;
				CLANG_WARN_NON_LITERAL_NULL_CONVERSION = YES;
				CLANG_WARN_OBJC_IMPLICIT_RETAIN_SELF = YES;
				CLANG_WARN_OBJC_LITERAL_CONVERSION = YES;
				CLANG_WARN_OBJC_ROOT_CLASS = YES_ERROR;
				CLANG_WARN_QUOTED_INCLUDE_IN_FRAMEWORK_HEADER = YES;
				CLANG_WARN_RANGE_LOOP_ANALYSIS = YES;
				CLANG_WARN_STRICT_PROTOTYPES = YES;
				CLANG_WARN_SUSPICIOUS_MOVE = YES;
				CLANG_WARN_UNGUARDED_AVAILABILITY = YES_AGGRESSIVE;
				CLANG_WARN_UNREACHABLE_CODE = YES;
				CLANG_WARN__DUPLICATE_METHOD_MATCH = YES;
				COPY_PHASE_STRIP = NO;
				DEBUG_INFORMATION_FORMAT = dwarf;
				ENABLE_STRICT_OBJC_MSGSEND = YES;
				ENABLE_TESTABILITY = YES;
				GCC_C_LANGUAGE_STANDARD = gnu11;
				GCC_DYNAMIC_NO_PIC = NO;
				GCC_NO_COMMON_BLOCKS = YES;
				GCC_OPTIMIZATION_LEVEL = 0;
				GCC_PREPROCESSOR_DEFINITIONS = (
					"DEBUG=1",
					"$(inherited)",
				);
				GCC_WARN_64_TO_32_BIT_CONVERSION = YES;
				GCC_WARN_ABOUT_RETURN_TYPE = YES_ERROR;
				GCC_WARN_UNDECLARED_SELECTOR = YES;
				GCC_WARN_UNINITIALIZED_AUTOS = YES_AGGRESSIVE;
				GCC_WARN_UNUSED_FUNCTION = YES;
				GCC_WARN_UNUSED_VARIABLE = YES;
				IPHONEOS_DEPLOYMENT_TARGET = 16.4;
				MTL_ENABLE_DEBUG_INFO = INCLUDE_SOURCE;
				MTL_FAST_MATH = YES;
				ONLY_ACTIVE_ARCH = YES;
				SDKROOT = iphoneos;
				SWIFT_ACTIVE_COMPILATION_CONDITIONS = DEBUG;
				SWIFT_OPTIMIZATION_LEVEL = "-Onone";
			};
			name = Debug;
		};
		A099DF312A379E8700274D99 /* Release */ = {
			isa = XCBuildConfiguration;
			buildSettings = {
				ALWAYS_SEARCH_USER_PATHS = NO;
				CLANG_ANALYZER_NONNULL = YES;
				CLANG_ANALYZER_NUMBER_OBJECT_CONVERSION = YES_AGGRESSIVE;
				CLANG_CXX_LANGUAGE_STANDARD = "gnu++20";
				CLANG_ENABLE_MODULES = YES;
				CLANG_ENABLE_OBJC_ARC = YES;
				CLANG_ENABLE_OBJC_WEAK = YES;
				CLANG_WARN_BLOCK_CAPTURE_AUTORELEASING = YES;
				CLANG_WARN_BOOL_CONVERSION = YES;
				CLANG_WARN_COMMA = YES;
				CLANG_WARN_CONSTANT_CONVERSION = YES;
				CLANG_WARN_DEPRECATED_OBJC_IMPLEMENTATIONS = YES;
				CLANG_WARN_DIRECT_OBJC_ISA_USAGE = YES_ERROR;
				CLANG_WARN_DOCUMENTATION_COMMENTS = YES;
				CLANG_WARN_EMPTY_BODY = YES;
				CLANG_WARN_ENUM_CONVERSION = YES;
				CLANG_WARN_INFINITE_RECURSION = YES;
				CLANG_WARN_INT_CONVERSION = YES;
				CLANG_WARN_NON_LITERAL_NULL_CONVERSION = YES;
				CLANG_WARN_OBJC_IMPLICIT_RETAIN_SELF = YES;
				CLANG_WARN_OBJC_LITERAL_CONVERSION = YES;
				CLANG_WARN_OBJC_ROOT_CLASS = YES_ERROR;
				CLANG_WARN_QUOTED_INCLUDE_IN_FRAMEWORK_HEADER = YES;
				CLANG_WARN_RANGE_LOOP_ANALYSIS = YES;
				CLANG_WARN_STRICT_PROTOTYPES = YES;
				CLANG_WARN_SUSPICIOUS_MOVE = YES;
				CLANG_WARN_UNGUARDED_AVAILABILITY = YES_AGGRESSIVE;
				CLANG_WARN_UNREACHABLE_CODE = YES;
				CLANG_WARN__DUPLICATE_METHOD_MATCH = YES;
				COPY_PHASE_STRIP = NO;
				DEBUG_INFORMATION_FORMAT = "dwarf-with-dsym";
				ENABLE_NS_ASSERTIONS = NO;
				ENABLE_STRICT_OBJC_MSGSEND = YES;
				GCC_C_LANGUAGE_STANDARD = gnu11;
				GCC_NO_COMMON_BLOCKS = YES;
				GCC_WARN_64_TO_32_BIT_CONVERSION = YES;
				GCC_WARN_ABOUT_RETURN_TYPE = YES_ERROR;
				GCC_WARN_UNDECLARED_SELECTOR = YES;
				GCC_WARN_UNINITIALIZED_AUTOS = YES_AGGRESSIVE;
				GCC_WARN_UNUSED_FUNCTION = YES;
				GCC_WARN_UNUSED_VARIABLE = YES;
				IPHONEOS_DEPLOYMENT_TARGET = 16.4;
				MTL_ENABLE_DEBUG_INFO = NO;
				MTL_FAST_MATH = YES;
				SDKROOT = iphoneos;
				SWIFT_COMPILATION_MODE = wholemodule;
				SWIFT_OPTIMIZATION_LEVEL = "-O";
				VALIDATE_PRODUCT = YES;
			};
			name = Release;
		};
		A099DF332A379E8700274D99 /* Debug */ = {
			isa = XCBuildConfiguration;
			buildSettings = {
				ASSETCATALOG_COMPILER_APPICON_NAME = AppIcon;
				ASSETCATALOG_COMPILER_GLOBAL_ACCENT_COLOR_NAME = AccentColor;
				CODE_SIGN_STYLE = Automatic;
				CURRENT_PROJECT_VERSION = 1;
				DEVELOPMENT_ASSET_PATHS = "\"AkakceApp/Preview Content\"";
				DEVELOPMENT_TEAM = 68KQTL44VS;
				ENABLE_PREVIEWS = YES;
				GENERATE_INFOPLIST_FILE = YES;
				INFOPLIST_KEY_UIApplicationSceneManifest_Generation = YES;
				INFOPLIST_KEY_UIApplicationSupportsIndirectInputEvents = YES;
				INFOPLIST_KEY_UILaunchScreen_Generation = YES;
				INFOPLIST_KEY_UISupportedInterfaceOrientations_iPad = "UIInterfaceOrientationPortrait UIInterfaceOrientationPortraitUpsideDown UIInterfaceOrientationLandscapeLeft UIInterfaceOrientationLandscapeRight";
				INFOPLIST_KEY_UISupportedInterfaceOrientations_iPhone = "UIInterfaceOrientationPortrait UIInterfaceOrientationLandscapeLeft UIInterfaceOrientationLandscapeRight";
				LD_RUNPATH_SEARCH_PATHS = (
					"$(inherited)",
					"@executable_path/Frameworks",
				);
				MARKETING_VERSION = 1.0;
				PRODUCT_BUNDLE_IDENTIFIER = com.denizataes.AkakceApp;
				PRODUCT_NAME = "$(TARGET_NAME)";
				SWIFT_EMIT_LOC_STRINGS = YES;
				SWIFT_VERSION = 5.0;
				TARGETED_DEVICE_FAMILY = "1,2";
			};
			name = Debug;
		};
		A099DF342A379E8700274D99 /* Release */ = {
			isa = XCBuildConfiguration;
			buildSettings = {
				ASSETCATALOG_COMPILER_APPICON_NAME = AppIcon;
				ASSETCATALOG_COMPILER_GLOBAL_ACCENT_COLOR_NAME = AccentColor;
				CODE_SIGN_STYLE = Automatic;
				CURRENT_PROJECT_VERSION = 1;
				DEVELOPMENT_ASSET_PATHS = "\"AkakceApp/Preview Content\"";
				DEVELOPMENT_TEAM = 68KQTL44VS;
				ENABLE_PREVIEWS = YES;
				GENERATE_INFOPLIST_FILE = YES;
				INFOPLIST_KEY_UIApplicationSceneManifest_Generation = YES;
				INFOPLIST_KEY_UIApplicationSupportsIndirectInputEvents = YES;
				INFOPLIST_KEY_UILaunchScreen_Generation = YES;
				INFOPLIST_KEY_UISupportedInterfaceOrientations_iPad = "UIInterfaceOrientationPortrait UIInterfaceOrientationPortraitUpsideDown UIInterfaceOrientationLandscapeLeft UIInterfaceOrientationLandscapeRight";
				INFOPLIST_KEY_UISupportedInterfaceOrientations_iPhone = "UIInterfaceOrientationPortrait UIInterfaceOrientationLandscapeLeft UIInterfaceOrientationLandscapeRight";
				LD_RUNPATH_SEARCH_PATHS = (
					"$(inherited)",
					"@executable_path/Frameworks",
				);
				MARKETING_VERSION = 1.0;
				PRODUCT_BUNDLE_IDENTIFIER = com.denizataes.AkakceApp;
				PRODUCT_NAME = "$(TARGET_NAME)";
				SWIFT_EMIT_LOC_STRINGS = YES;
				SWIFT_VERSION = 5.0;
				TARGETED_DEVICE_FAMILY = "1,2";
			};
			name = Release;
		};
/* End XCBuildConfiguration section */

/* Begin XCConfigurationList section */
		A099DF1F2A379E8600274D99 /* Build configuration list for PBXProject "AkakceApp" */ = {
			isa = XCConfigurationList;
			buildConfigurations = (
				A099DF302A379E8700274D99 /* Debug */,
				A099DF312A379E8700274D99 /* Release */,
			);
			defaultConfigurationIsVisible = 0;
			defaultConfigurationName = Release;
		};
		A099DF322A379E8700274D99 /* Build configuration list for PBXNativeTarget "AkakceApp" */ = {
			isa = XCConfigurationList;
			buildConfigurations = (
				A099DF332A379E8700274D99 /* Debug */,
				A099DF342A379E8700274D99 /* Release */,
			);
			defaultConfigurationIsVisible = 0;
			defaultConfigurationName = Release;
		};
/* End XCConfigurationList section */

/* Begin XCRemoteSwiftPackageReference section */
		A099DF502A37A5E700274D99 /* XCRemoteSwiftPackageReference "Kingfisher" */ = {
			isa = XCRemoteSwiftPackageReference;
			repositoryURL = "https://github.com/onevcat/Kingfisher.git";
			requirement = {
				kind = upToNextMajorVersion;
				minimumVersion = 7.0.0;
			};
		};
/* End XCRemoteSwiftPackageReference section */

/* Begin XCSwiftPackageProductDependency section */
		A099DF512A37A5E700274D99 /* Kingfisher */ = {
			isa = XCSwiftPackageProductDependency;
			package = A099DF502A37A5E700274D99 /* XCRemoteSwiftPackageReference "Kingfisher" */;
			productName = Kingfisher;
		};
/* End XCSwiftPackageProductDependency section */
	};
	rootObject = A099DF1C2A379E8600274D99 /* Project object */;
}
